
Microsoft Visual Studio Solution File, Format Version 12.00
# Visual Studio Version 16
VisualStudioVersion = 16.0.31613.86
MinimumVisualStudioVersion = 10.0.40219.1
Project("{FAE04EC0-301F-11D3-BF4B-00C04F79EFBC}") = "EntityFramework", "EntityFramework\EntityFramework.csproj", "{E7421A09-B86E-4685-909C-E6E553D319D0}"
EndProject
Global
	GlobalSection(SolutionConfigurationPlatforms) = preSolution
		Debug|Any CPU = Debug|Any CPU
		Release|Any CPU = Release|Any CPU
	EndGlobalSection
	GlobalSection(ProjectConfigurationPlatforms) = postSolution
		{E7421A09-B86E-4685-909C-E6E553D319D0}.Debug|Any CPU.ActiveCfg = Debug|Any CPU
		{E7421A09-B86E-4685-909C-E6E553D319D0}.Debug|Any CPU.Build.0 = Debug|Any CPU
		{E7421A09-B86E-4685-909C-E6E553D319D0}.Release|Any CPU.ActiveCfg = Release|Any CPU
		{E7421A09-B86E-4685-909C-E6E553D319D0}.Release|Any CPU.Build.0 = Release|Any CPU
	EndGlobalSection
	GlobalSection(SolutionProperties) = preSolution
		HideSolutionNode = FALSE
	EndGlobalSection
	GlobalSection(ExtensibilityGlobals) = postSolution
		SolutionGuid = {32D0426D-B350-470F-81BE-FF25FB5A5821}
	EndGlobalSection
EndGlobal
